<?xml version="1.0" encoding="utf-8"?>
<Project ToolsVersion="4.0" xmlns="http://schemas.microsoft.com/developer/msbuild/2003">
  <ItemGroup>
    <Filter Include="源文件">
      <UniqueIdentifier>{4FC737F1-C7A5-4376-A066-2A32D752A2FF}</UniqueIdentifier>
      <Extensions>cpp;c;cc;cxx;def;odl;idl;hpj;bat;asm;asmx</Extensions>
    </Filter>
    <Filter Include="头文件">
      <UniqueIdentifier>{93995380-89BD-4b04-88EB-625FBE52EBFB}</UniqueIdentifier>
      <Extensions>h;hh;hpp;hxx;hm;inl;inc;xsd</Extensions>
    </Filter>
    <Filter Include="资源文件">
      <UniqueIdentifier>{67DA6AB6-F800-4c08-8B7A-83BB121AAD01}</UniqueIdentifier>
      <Extensions>rc;ico;cur;bmp;dlg;rc2;rct;bin;rgs;gif;jpg;jpeg;jpe;resx;tiff;tif;png;wav;mfcribbon-ms</Extensions>
    </Filter>
    <Filter Include="lib">
      <UniqueIdentifier>{64c4ef55-98ff-43ab-b2df-e960ccb81ba3}</UniqueIdentifier>
    </Filter>
    <Filter Include="源文件\U3kRender">
      <UniqueIdentifier>{eb9ca38f-73b5-4d30-9a82-9a8d51e04c80}</UniqueIdentifier>
    </Filter>
    <Filter Include="头文件\UskRender">
      <UniqueIdentifier>{9806f25b-4942-4389-82ee-9cac8591be23}</UniqueIdentifier>
    </Filter>
  </ItemGroup>
  <ItemGroup>
    <Text Include="ReadMe.txt" />
  </ItemGroup>
  <ItemGroup>
    <ClInclude Include="stdafx.h">
      <Filter>头文件</Filter>
    </ClInclude>
    <ClInclude Include="targetver.h">
      <Filter>头文件</Filter>
    </ClInclude>
    <ClInclude Include="Resource.h">
      <Filter>头文件</Filter>
    </ClInclude>
    <ClInclude Include="SoftRender.h">
      <Filter>头文件</Filter>
    </ClInclude>
    <ClInclude Include="Canvas.h">
      <Filter>头文件\UskRender</Filter>
    </ClInclude>
    <ClInclude Include="Surface.h">
      <Filter>头文件\UskRender</Filter>
    </ClInclude>
    <ClInclude Include="Math3D.h">
      <Filter>头文件\UskRender</Filter>
    </ClInclude>
    <ClInclude Include="MemHandler.h">
      <Filter>头文件\UskRender</Filter>
    </ClInclude>
    <ClInclude Include="ddraw.h">
      <Filter>头文件\UskRender</Filter>
    </ClInclude>
    <ClInclude Include="Object.h">
      <Filter>头文件\UskRender</Filter>
    </ClInclude>
    <ClInclude Include="Camera.h">
      <Filter>头文件\UskRender</Filter>
    </ClInclude>
    <ClInclude Include="Timer.h">
      <Filter>头文件\UskRender</Filter>
    </ClInclude>
    <ClInclude Include="Scene.h">
      <Filter>头文件\UskRender</Filter>
    </ClInclude>
    <ClInclude Include="Light.h">
      <Filter>头文件\UskRender</Filter>
    </ClInclude>
    <ClInclude Include="GraphicsStruct.h">
      <Filter>头文件\UskRender</Filter>
    </ClInclude>
    <ClInclude Include="RenderPiping.h">
      <Filter>头文件\UskRender</Filter>
    </ClInclude>
    <ClInclude Include="CustomDefine.h">
      <Filter>头文件\UskRender</Filter>
    </ClInclude>
    <ClInclude Include="Bitmap.h">
      <Filter>头文件\UskRender</Filter>
    </ClInclude>
  </ItemGroup>
  <ItemGroup>
    <ClCompile Include="stdafx.cpp">
      <Filter>源文件</Filter>
    </ClCompile>
    <ClCompile Include="SoftRender.cpp">
      <Filter>源文件</Filter>
    </ClCompile>
    <ClCompile Include="Timer.cpp">
      <Filter>源文件\U3kRender</Filter>
    </ClCompile>
    <ClCompile Include="Math3D.cpp">
      <Filter>源文件\U3kRender</Filter>
    </ClCompile>
    <ClCompile Include="Surface.cpp">
      <Filter>源文件\U3kRender</Filter>
    </ClCompile>
    <ClCompile Include="Canvas.cpp">
      <Filter>源文件\U3kRender</Filter>
    </ClCompile>
    <ClCompile Include="Object.cpp">
      <Filter>源文件\U3kRender</Filter>
    </ClCompile>
    <ClCompile Include="Camera.cpp">
      <Filter>源文件\U3kRender</Filter>
    </ClCompile>
    <ClCompile Include="Scene.cpp">
      <Filter>源文件\U3kRender</Filter>
    </ClCompile>
    <ClCompile Include="Light.cpp">
      <Filter>源文件\U3kRender</Filter>
    </ClCompile>
    <ClCompile Include="GraphicsStruct.cpp">
      <Filter>源文件\U3kRender</Filter>
    </ClCompile>
    <ClCompile Include="RenderPiping.cpp">
      <Filter>源文件\U3kRender</Filter>
    </ClCompile>
    <ClCompile Include="Bitmap.cpp">
      <Filter>源文件\U3kRender</Filter>
    </ClCompile>
  </ItemGroup>
  <ItemGroup>
    <ResourceCompile Include="SoftRender.rc">
      <Filter>资源文件</Filter>
    </ResourceCompile>
  </ItemGroup>
  <ItemGroup>
    <Image Include="small.ico">
      <Filter>资源文件</Filter>
    </Image>
    <Image Include="SoftRender.ico">
      <Filter>资源文件</Filter>
    </Image>
  </ItemGroup>
  <ItemGroup>
    <Library Include="lib\ddraw.lib">
      <Filter>lib</Filter>
    </Library>
    <Library Include="lib\dxguid.lib">
      <Filter>lib</Filter>
    </Library>
  </ItemGroup>
</Project>